
Microsoft Visual Studio Solution File, Format Version 12.00
# Visual Studio Version 17
VisualStudioVersion = 17.12.35527.113 d17.12
MinimumVisualStudioVersion = 10.0.40219.1
Project("{FAE04EC0-301F-11D3-BF4B-00C04F79EFBC}") = "Company.G01.PL", "Company.G01.PL\Company.G01.PL.csproj", "{0397336F-FEAF-418A-B81B-2226952D1BDC}"
EndProject
Project("{FAE04EC0-301F-11D3-BF4B-00C04F79EFBC}") = "Company.G01.DAL", "Company.G01.DAL\Company.G01.DAL.csproj", "{C6FE12FE-E72F-4435-BF12-FF89694ED3E7}"
EndProject
Project("{FAE04EC0-301F-11D3-BF4B-00C04F79EFBC}") = "Company.G02.BLL", "Company.G02.BLL\Company.G02.BLL.csproj", "{77C5858C-E678-491F-A25F-72E73B9F896F}"
EndProject
Global
	GlobalSection(SolutionConfigurationPlatforms) = preSolution
		Debug|Any CPU = Debug|Any CPU
		Release|Any CPU = Release|Any CPU
	EndGlobalSection
	GlobalSection(ProjectConfigurationPlatforms) = postSolution
		{0397336F-FEAF-418A-B81B-2226952D1BDC}.Debug|Any CPU.ActiveCfg = Debug|Any CPU
		{0397336F-FEAF-418A-B81B-2226952D1BDC}.Debug|Any CPU.Build.0 = Debug|Any CPU
		{0397336F-FEAF-418A-B81B-2226952D1BDC}.Release|Any CPU.ActiveCfg = Release|Any CPU
		{0397336F-FEAF-418A-B81B-2226952D1BDC}.Release|Any CPU.Build.0 = Release|Any CPU
		{C6FE12FE-E72F-4435-BF12-FF89694ED3E7}.Debug|Any CPU.ActiveCfg = Debug|Any CPU
		{C6FE12FE-E72F-4435-BF12-FF89694ED3E7}.Debug|Any CPU.Build.0 = Debug|Any CPU
		{C6FE12FE-E72F-4435-BF12-FF89694ED3E7}.Release|Any CPU.ActiveCfg = Release|Any CPU
		{C6FE12FE-E72F-4435-BF12-FF89694ED3E7}.Release|Any CPU.Build.0 = Release|Any CPU
		{77C5858C-E678-491F-A25F-72E73B9F896F}.Debug|Any CPU.ActiveCfg = Debug|Any CPU
		{77C5858C-E678-491F-A25F-72E73B9F896F}.Debug|Any CPU.Build.0 = Debug|Any CPU
		{77C5858C-E678-491F-A25F-72E73B9F896F}.Release|Any CPU.ActiveCfg = Release|Any CPU
		{77C5858C-E678-491F-A25F-72E73B9F896F}.Release|Any CPU.Build.0 = Release|Any CPU
	EndGlobalSection
	GlobalSection(SolutionProperties) = preSolution
		HideSolutionNode = FALSE
	EndGlobalSection
EndGlobal
